
Microsoft Visual Studio Solution File, Format Version 12.00
# Visual Studio Version 17
VisualStudioVersion = 17.6.33815.320
MinimumVisualStudioVersion = 10.0.40219.1
Project("{FAE04EC0-301F-11D3-BF4B-00C04F79EFBC}") = "Unreal_Journey_Engine", "Unreal_Journey_Engine\Unreal_Journey_Engine.csproj", "{AE2B5312-6B36-4C76-B814-E8145B00FF03}"
EndProject
Project("{FAE04EC0-301F-11D3-BF4B-00C04F79EFBC}") = "BLL", "BLL\BLL.csproj", "{BC15762F-3092-41F7-A239-F78AC9595F4F}"
EndProject
Project("{FAE04EC0-301F-11D3-BF4B-00C04F79EFBC}") = "DAL", "DAL\DAL.csproj", "{1A721A87-2664-4114-8923-272D60222795}"
EndProject
Global
	GlobalSection(SolutionConfigurationPlatforms) = preSolution
		Debug|Any CPU = Debug|Any CPU
		Release|Any CPU = Release|Any CPU
	EndGlobalSection
	GlobalSection(ProjectConfigurationPlatforms) = postSolution
		{AE2B5312-6B36-4C76-B814-E8145B00FF03}.Debug|Any CPU.ActiveCfg = Debug|Any CPU
		{AE2B5312-6B36-4C76-B814-E8145B00FF03}.Debug|Any CPU.Build.0 = Debug|Any CPU
		{AE2B5312-6B36-4C76-B814-E8145B00FF03}.Release|Any CPU.ActiveCfg = Release|Any CPU
		{AE2B5312-6B36-4C76-B814-E8145B00FF03}.Release|Any CPU.Build.0 = Release|Any CPU
		{BC15762F-3092-41F7-A239-F78AC9595F4F}.Debug|Any CPU.ActiveCfg = Debug|Any CPU
		{BC15762F-3092-41F7-A239-F78AC9595F4F}.Debug|Any CPU.Build.0 = Debug|Any CPU
		{BC15762F-3092-41F7-A239-F78AC9595F4F}.Release|Any CPU.ActiveCfg = Release|Any CPU
		{BC15762F-3092-41F7-A239-F78AC9595F4F}.Release|Any CPU.Build.0 = Release|Any CPU
		{1A721A87-2664-4114-8923-272D60222795}.Debug|Any CPU.ActiveCfg = Debug|Any CPU
		{1A721A87-2664-4114-8923-272D60222795}.Debug|Any CPU.Build.0 = Debug|Any CPU
		{1A721A87-2664-4114-8923-272D60222795}.Release|Any CPU.ActiveCfg = Release|Any CPU
		{1A721A87-2664-4114-8923-272D60222795}.Release|Any CPU.Build.0 = Release|Any CPU
	EndGlobalSection
	GlobalSection(SolutionProperties) = preSolution
		HideSolutionNode = FALSE
	EndGlobalSection
	GlobalSection(ExtensibilityGlobals) = postSolution
		SolutionGuid = {CA8D97B5-B140-4980-ABFB-3269C3056F02}
	EndGlobalSection
EndGlobal
